
Microsoft Visual Studio Solution File, Format Version 12.00
# Visual Studio 15
VisualStudioVersion = 15.0.27703.2026
MinimumVisualStudioVersion = 10.0.40219.1
Project("{8BC9CEB8-8B4A-11D0-8D11-00A0C91BC942}") = "Data Structure", "Data Structure\Data Structure.vcxproj", "{9CDB56E2-14EE-41C4-B4FE-7FEB639A1B8A}"
EndProject
Project("{8BC9CEB8-8B4A-11D0-8D11-00A0C91BC942}") = "Project1", "Project1\Project1.vcxproj", "{14FB0952-DC7F-47EC-AC7E-4C113DF7D4F2}"
EndProject
Project("{8BC9CEB8-8B4A-11D0-8D11-00A0C91BC942}") = "Project2", "Project2\Project2.vcxproj", "{3EBFED09-F65F-42DF-B13E-2E2F8648C12C}"
EndProject
Project("{8BC9CEB8-8B4A-11D0-8D11-00A0C91BC942}") = "Project3", "Project3\Project3.vcxproj", "{0FCF0BAA-93A6-4D72-A984-02C4DBD336B4}"
EndProject
Project("{8BC9CEB8-8B4A-11D0-8D11-00A0C91BC942}") = "Project4", "Project4\Project4.vcxproj", "{AE2F546D-69B2-4D11-B670-FCE32CA511C2}"
EndProject
Project("{8BC9CEB8-8B4A-11D0-8D11-00A0C91BC942}") = "Project5", "Project5\Project5.vcxproj", "{AFF2562A-85BF-48E2-93FE-8057D0BE28BE}"
EndProject
Project("{8BC9CEB8-8B4A-11D0-8D11-00A0C91BC942}") = "Project6", "Project6\Project6.vcxproj", "{A2631B8E-200C-4E9B-9736-31A3B623DD83}"
EndProject
Project("{8BC9CEB8-8B4A-11D0-8D11-00A0C91BC942}") = "Project7", "Project7\Project7.vcxproj", "{23FA2D80-DEB5-4C56-B2E0-BCBBD6BB3092}"
EndProject
Project("{8BC9CEB8-8B4A-11D0-8D11-00A0C91BC942}") = "Project8", "Project8\Project8.vcxproj", "{25FF3F1A-638B-4AD0-918E-70B8C8D72A67}"
EndProject
Project("{8BC9CEB8-8B4A-11D0-8D11-00A0C91BC942}") = "Project9", "Project9\Project9.vcxproj", "{D84304A2-16C7-465E-9CCF-F7E8379659FF}"
EndProject
Project("{8BC9CEB8-8B4A-11D0-8D11-00A0C91BC942}") = "Project11", "Project11\Project11.vcxproj", "{381A4888-F475-4ED1-894F-9159F60E6D1A}"
EndProject
Global
	GlobalSection(SolutionConfigurationPlatforms) = preSolution
		Debug|x64 = Debug|x64
		Debug|x86 = Debug|x86
		Release|x64 = Release|x64
		Release|x86 = Release|x86
	EndGlobalSection
	GlobalSection(ProjectConfigurationPlatforms) = postSolution
		{9CDB56E2-14EE-41C4-B4FE-7FEB639A1B8A}.Debug|x64.ActiveCfg = Debug|x64
		{9CDB56E2-14EE-41C4-B4FE-7FEB639A1B8A}.Debug|x64.Build.0 = Debug|x64
		{9CDB56E2-14EE-41C4-B4FE-7FEB639A1B8A}.Debug|x86.ActiveCfg = Debug|Win32
		{9CDB56E2-14EE-41C4-B4FE-7FEB639A1B8A}.Debug|x86.Build.0 = Debug|Win32
		{9CDB56E2-14EE-41C4-B4FE-7FEB639A1B8A}.Release|x64.ActiveCfg = Release|x64
		{9CDB56E2-14EE-41C4-B4FE-7FEB639A1B8A}.Release|x64.Build.0 = Release|x64
		{9CDB56E2-14EE-41C4-B4FE-7FEB639A1B8A}.Release|x86.ActiveCfg = Release|Win32
		{9CDB56E2-14EE-41C4-B4FE-7FEB639A1B8A}.Release|x86.Build.0 = Release|Win32
		{14FB0952-DC7F-47EC-AC7E-4C113DF7D4F2}.Debug|x64.ActiveCfg = Debug|x64
		{14FB0952-DC7F-47EC-AC7E-4C113DF7D4F2}.Debug|x64.Build.0 = Debug|x64
		{14FB0952-DC7F-47EC-AC7E-4C113DF7D4F2}.Debug|x86.ActiveCfg = Debug|Win32
		{14FB0952-DC7F-47EC-AC7E-4C113DF7D4F2}.Debug|x86.Build.0 = Debug|Win32
		{14FB0952-DC7F-47EC-AC7E-4C113DF7D4F2}.Release|x64.ActiveCfg = Release|x64
		{14FB0952-DC7F-47EC-AC7E-4C113DF7D4F2}.Release|x64.Build.0 = Release|x64
		{14FB0952-DC7F-47EC-AC7E-4C113DF7D4F2}.Release|x86.ActiveCfg = Release|Win32
		{14FB0952-DC7F-47EC-AC7E-4C113DF7D4F2}.Release|x86.Build.0 = Release|Win32
		{3EBFED09-F65F-42DF-B13E-2E2F8648C12C}.Debug|x64.ActiveCfg = Debug|x64
		{3EBFED09-F65F-42DF-B13E-2E2F8648C12C}.Debug|x64.Build.0 = Debug|x64
		{3EBFED09-F65F-42DF-B13E-2E2F8648C12C}.Debug|x86.ActiveCfg = Debug|Win32
		{3EBFED09-F65F-42DF-B13E-2E2F8648C12C}.Debug|x86.Build.0 = Debug|Win32
		{3EBFED09-F65F-42DF-B13E-2E2F8648C12C}.Release|x64.ActiveCfg = Release|x64
		{3EBFED09-F65F-42DF-B13E-2E2F8648C12C}.Release|x64.Build.0 = Release|x64
		{3EBFED09-F65F-42DF-B13E-2E2F8648C12C}.Release|x86.ActiveCfg = Release|Win32
		{3EBFED09-F65F-42DF-B13E-2E2F8648C12C}.Release|x86.Build.0 = Release|Win32
		{0FCF0BAA-93A6-4D72-A984-02C4DBD336B4}.Debug|x64.ActiveCfg = Debug|x64
		{0FCF0BAA-93A6-4D72-A984-02C4DBD336B4}.Debug|x64.Build.0 = Debug|x64
		{0FCF0BAA-93A6-4D72-A984-02C4DBD336B4}.Debug|x86.ActiveCfg = Debug|Win32
		{0FCF0BAA-93A6-4D72-A984-02C4DBD336B4}.Debug|x86.Build.0 = Debug|Win32
		{0FCF0BAA-93A6-4D72-A984-02C4DBD336B4}.Release|x64.ActiveCfg = Release|x64
		{0FCF0BAA-93A6-4D72-A984-02C4DBD336B4}.Release|x64.Build.0 = Release|x64
		{0FCF0BAA-93A6-4D72-A984-02C4DBD336B4}.Release|x86.ActiveCfg = Release|Win32
		{0FCF0BAA-93A6-4D72-A984-02C4DBD336B4}.Release|x86.Build.0 = Release|Win32
		{AE2F546D-69B2-4D11-B670-FCE32CA511C2}.Debug|x64.ActiveCfg = Debug|x64
		{AE2F546D-69B2-4D11-B670-FCE32CA511C2}.Debug|x64.Build.0 = Debug|x64
		{AE2F546D-69B2-4D11-B670-FCE32CA511C2}.Debug|x86.ActiveCfg = Debug|Win32
		{AE2F546D-69B2-4D11-B670-FCE32CA511C2}.Debug|x86.Build.0 = Debug|Win32
		{AE2F546D-69B2-4D11-B670-FCE32CA511C2}.Release|x64.ActiveCfg = Release|x64
		{AE2F546D-69B2-4D11-B670-FCE32CA511C2}.Release|x64.Build.0 = Release|x64
		{AE2F546D-69B2-4D11-B670-FCE32CA511C2}.Release|x86.ActiveCfg = Release|Win32
		{AE2F546D-69B2-4D11-B670-FCE32CA511C2}.Release|x86.Build.0 = Release|Win32
		{AFF2562A-85BF-48E2-93FE-8057D0BE28BE}.Debug|x64.ActiveCfg = Debug|x64
		{AFF2562A-85BF-48E2-93FE-8057D0BE28BE}.Debug|x64.Build.0 = Debug|x64
		{AFF2562A-85BF-48E2-93FE-8057D0BE28BE}.Debug|x86.ActiveCfg = Debug|Win32
		{AFF2562A-85BF-48E2-93FE-8057D0BE28BE}.Debug|x86.Build.0 = Debug|Win32
		{AFF2562A-85BF-48E2-93FE-8057D0BE28BE}.Release|x64.ActiveCfg = Release|x64
		{AFF2562A-85BF-48E2-93FE-8057D0BE28BE}.Release|x64.Build.0 = Release|x64
		{AFF2562A-85BF-48E2-93FE-8057D0BE28BE}.Release|x86.ActiveCfg = Release|Win32
		{AFF2562A-85BF-48E2-93FE-8057D0BE28BE}.Release|x86.Build.0 = Release|Win32
		{A2631B8E-200C-4E9B-9736-31A3B623DD83}.Debug|x64.ActiveCfg = Debug|x64
		{A2631B8E-200C-4E9B-9736-31A3B623DD83}.Debug|x64.Build.0 = Debug|x64
		{A2631B8E-200C-4E9B-9736-31A3B623DD83}.Debug|x86.ActiveCfg = Debug|Win32
		{A2631B8E-200C-4E9B-9736-31A3B623DD83}.Debug|x86.Build.0 = Debug|Win32
		{A2631B8E-200C-4E9B-9736-31A3B623DD83}.Release|x64.ActiveCfg = Release|x64
		{A2631B8E-200C-4E9B-9736-31A3B623DD83}.Release|x64.Build.0 = Release|x64
		{A2631B8E-200C-4E9B-9736-31A3B623DD83}.Release|x86.ActiveCfg = Release|Win32
		{A2631B8E-200C-4E9B-9736-31A3B623DD83}.Release|x86.Build.0 = Release|Win32
		{23FA2D80-DEB5-4C56-B2E0-BCBBD6BB3092}.Debug|x64.ActiveCfg = Debug|x64
		{23FA2D80-DEB5-4C56-B2E0-BCBBD6BB3092}.Debug|x64.Build.0 = Debug|x64
		{23FA2D80-DEB5-4C56-B2E0-BCBBD6BB3092}.Debug|x86.ActiveCfg = Debug|Win32
		{23FA2D80-DEB5-4C56-B2E0-BCBBD6BB3092}.Debug|x86.Build.0 = Debug|Win32
		{23FA2D80-DEB5-4C56-B2E0-BCBBD6BB3092}.Release|x64.ActiveCfg = Release|x64
		{23FA2D80-DEB5-4C56-B2E0-BCBBD6BB3092}.Release|x64.Build.0 = Release|x64
		{23FA2D80-DEB5-4C56-B2E0-BCBBD6BB3092}.Release|x86.ActiveCfg = Release|Win32
		{23FA2D80-DEB5-4C56-B2E0-BCBBD6BB3092}.Release|x86.Build.0 = Release|Win32
		{25FF3F1A-638B-4AD0-918E-70B8C8D72A67}.Debug|x64.ActiveCfg = Debug|x64
		{25FF3F1A-638B-4AD0-918E-70B8C8D72A67}.Debug|x64.Build.0 = Debug|x64
		{25FF3F1A-638B-4AD0-918E-70B8C8D72A67}.Debug|x86.ActiveCfg = Debug|Win32
		{25FF3F1A-638B-4AD0-918E-70B8C8D72A67}.Debug|x86.Build.0 = Debug|Win32
		{25FF3F1A-638B-4AD0-918E-70B8C8D72A67}.Release|x64.ActiveCfg = Release|x64
		{25FF3F1A-638B-4AD0-918E-70B8C8D72A67}.Release|x64.Build.0 = Release|x64
		{25FF3F1A-638B-4AD0-918E-70B8C8D72A67}.Release|x86.ActiveCfg = Release|Win32
		{25FF3F1A-638B-4AD0-918E-70B8C8D72A67}.Release|x86.Build.0 = Release|Win32
		{D84304A2-16C7-465E-9CCF-F7E8379659FF}.Debug|x64.ActiveCfg = Debug|x64
		{D84304A2-16C7-465E-9CCF-F7E8379659FF}.Debug|x64.Build.0 = Debug|x64
		{D84304A2-16C7-465E-9CCF-F7E8379659FF}.Debug|x86.ActiveCfg = Debug|Win32
		{D84304A2-16C7-465E-9CCF-F7E8379659FF}.Debug|x86.Build.0 = Debug|Win32
		{D84304A2-16C7-465E-9CCF-F7E8379659FF}.Release|x64.ActiveCfg = Release|x64
		{D84304A2-16C7-465E-9CCF-F7E8379659FF}.Release|x64.Build.0 = Release|x64
		{D84304A2-16C7-465E-9CCF-F7E8379659FF}.Release|x86.ActiveCfg = Release|Win32
		{D84304A2-16C7-465E-9CCF-F7E8379659FF}.Release|x86.Build.0 = Release|Win32
		{381A4888-F475-4ED1-894F-9159F60E6D1A}.Debug|x64.ActiveCfg = Debug|x64
		{381A4888-F475-4ED1-894F-9159F60E6D1A}.Debug|x64.Build.0 = Debug|x64
		{381A4888-F475-4ED1-894F-9159F60E6D1A}.Debug|x86.ActiveCfg = Debug|Win32
		{381A4888-F475-4ED1-894F-9159F60E6D1A}.Debug|x86.Build.0 = Debug|Win32
		{381A4888-F475-4ED1-894F-9159F60E6D1A}.Release|x64.ActiveCfg = Release|x64
		{381A4888-F475-4ED1-894F-9159F60E6D1A}.Release|x64.Build.0 = Release|x64
		{381A4888-F475-4ED1-894F-9159F60E6D1A}.Release|x86.ActiveCfg = Release|Win32
		{381A4888-F475-4ED1-894F-9159F60E6D1A}.Release|x86.Build.0 = Release|Win32
	EndGlobalSection
	GlobalSection(SolutionProperties) = preSolution
		HideSolutionNode = FALSE
	EndGlobalSection
	GlobalSection(ExtensibilityGlobals) = postSolution
		SolutionGuid = {6B1B34B9-1959-427B-AAEA-2C355F256408}
	EndGlobalSection
EndGlobal
